
Microsoft Visual Studio Solution File, Format Version 12.00
# Visual Studio Version 17
VisualStudioVersion = 17.7.34009.444
MinimumVisualStudioVersion = 10.0.40219.1
Project("{FAE04EC0-301F-11D3-BF4B-00C04F79EFBC}") = "WebsiteBanThucAnNhanh16", "WebsiteBanThucAnNhanh16\WebsiteBanThucAnNhanh16.csproj", "{ABA3251C-4CBA-4E06-9716-C9E513FEC69D}"
EndProject
Global
	GlobalSection(SolutionConfigurationPlatforms) = preSolution
		Debug|Any CPU = Debug|Any CPU
		Release|Any CPU = Release|Any CPU
	EndGlobalSection
	GlobalSection(ProjectConfigurationPlatforms) = postSolution
		{ABA3251C-4CBA-4E06-9716-C9E513FEC69D}.Debug|Any CPU.ActiveCfg = Debug|Any CPU
		{ABA3251C-4CBA-4E06-9716-C9E513FEC69D}.Debug|Any CPU.Build.0 = Debug|Any CPU
		{ABA3251C-4CBA-4E06-9716-C9E513FEC69D}.Release|Any CPU.ActiveCfg = Release|Any CPU
		{ABA3251C-4CBA-4E06-9716-C9E513FEC69D}.Release|Any CPU.Build.0 = Release|Any CPU
	EndGlobalSection
	GlobalSection(SolutionProperties) = preSolution
		HideSolutionNode = FALSE
	EndGlobalSection
	GlobalSection(ExtensibilityGlobals) = postSolution
		SolutionGuid = {BA9AFF09-466B-4375-A457-58E60614CC47}
	EndGlobalSection
EndGlobal
